
Microsoft Visual Studio Solution File, Format Version 12.00
# Visual Studio 2012
Project("{F184B08F-C81C-45F6-A57F-5ABD9991F28F}") = "Inverso de un numero", "Inverso de un numero\Inverso de un numero.vbproj", "{C0228644-EDFB-4C87-A640-EE30BCD83530}"
EndProject
Global
	GlobalSection(SolutionConfigurationPlatforms) = preSolution
		Debug|Any CPU = Debug|Any CPU
		Release|Any CPU = Release|Any CPU
	EndGlobalSection
	GlobalSection(ProjectConfigurationPlatforms) = postSolution
		{C0228644-EDFB-4C87-A640-EE30BCD83530}.Debug|Any CPU.ActiveCfg = Debug|Any CPU
		{C0228644-EDFB-4C87-A640-EE30BCD83530}.Debug|Any CPU.Build.0 = Debug|Any CPU
		{C0228644-EDFB-4C87-A640-EE30BCD83530}.Release|Any CPU.ActiveCfg = Release|Any CPU
		{C0228644-EDFB-4C87-A640-EE30BCD83530}.Release|Any CPU.Build.0 = Release|Any CPU
	EndGlobalSection
	GlobalSection(SolutionProperties) = preSolution
		HideSolutionNode = FALSE
	EndGlobalSection
EndGlobal
